
Microsoft Visual Studio Solution File, Format Version 12.00
# Visual Studio Version 17
VisualStudioVersion = 17.2.32630.192
MinimumVisualStudioVersion = 10.0.40219.1
Project("{FAE04EC0-301F-11D3-BF4B-00C04F79EFBC}") = "Web", "Web\Web.csproj", "{22BD26BA-6BC7-4CA4-AE1D-52382F09F913}"
EndProject
Project("{FAE04EC0-301F-11D3-BF4B-00C04F79EFBC}") = "Domain", "Domain\Domain.csproj", "{48F72ACA-3308-40D9-A152-7724AD722404}"
EndProject
Project("{FAE04EC0-301F-11D3-BF4B-00C04F79EFBC}") = "Client", "Client\Client.csproj", "{7BA81AA1-94CD-4B50-8B82-B9569A215FAE}"
EndProject
Project("{FAE04EC0-301F-11D3-BF4B-00C04F79EFBC}") = "Database", "Database\Database.csproj", "{9C20F0CE-B662-448E-A8CB-95E8DE02D8F6}"
EndProject
Global
	GlobalSection(SolutionConfigurationPlatforms) = preSolution
		Debug|Any CPU = Debug|Any CPU
		Release|Any CPU = Release|Any CPU
	EndGlobalSection
	GlobalSection(ProjectConfigurationPlatforms) = postSolution
		{22BD26BA-6BC7-4CA4-AE1D-52382F09F913}.Debug|Any CPU.ActiveCfg = Debug|Any CPU
		{22BD26BA-6BC7-4CA4-AE1D-52382F09F913}.Debug|Any CPU.Build.0 = Debug|Any CPU
		{22BD26BA-6BC7-4CA4-AE1D-52382F09F913}.Release|Any CPU.ActiveCfg = Release|Any CPU
		{22BD26BA-6BC7-4CA4-AE1D-52382F09F913}.Release|Any CPU.Build.0 = Release|Any CPU
		{48F72ACA-3308-40D9-A152-7724AD722404}.Debug|Any CPU.ActiveCfg = Debug|Any CPU
		{48F72ACA-3308-40D9-A152-7724AD722404}.Debug|Any CPU.Build.0 = Debug|Any CPU
		{48F72ACA-3308-40D9-A152-7724AD722404}.Release|Any CPU.ActiveCfg = Release|Any CPU
		{48F72ACA-3308-40D9-A152-7724AD722404}.Release|Any CPU.Build.0 = Release|Any CPU
		{7BA81AA1-94CD-4B50-8B82-B9569A215FAE}.Debug|Any CPU.ActiveCfg = Debug|Any CPU
		{7BA81AA1-94CD-4B50-8B82-B9569A215FAE}.Debug|Any CPU.Build.0 = Debug|Any CPU
		{7BA81AA1-94CD-4B50-8B82-B9569A215FAE}.Release|Any CPU.ActiveCfg = Release|Any CPU
		{7BA81AA1-94CD-4B50-8B82-B9569A215FAE}.Release|Any CPU.Build.0 = Release|Any CPU
		{9C20F0CE-B662-448E-A8CB-95E8DE02D8F6}.Debug|Any CPU.ActiveCfg = Debug|Any CPU
		{9C20F0CE-B662-448E-A8CB-95E8DE02D8F6}.Debug|Any CPU.Build.0 = Debug|Any CPU
		{9C20F0CE-B662-448E-A8CB-95E8DE02D8F6}.Release|Any CPU.ActiveCfg = Release|Any CPU
		{9C20F0CE-B662-448E-A8CB-95E8DE02D8F6}.Release|Any CPU.Build.0 = Release|Any CPU
	EndGlobalSection
	GlobalSection(SolutionProperties) = preSolution
		HideSolutionNode = FALSE
	EndGlobalSection
	GlobalSection(ExtensibilityGlobals) = postSolution
		SolutionGuid = {C5F247E2-E75C-454B-A158-535F397D2B15}
	EndGlobalSection
EndGlobal
